
Microsoft Visual Studio Solution File, Format Version 12.00
# Visual Studio Version 17
VisualStudioVersion = 17.7.34221.43
MinimumVisualStudioVersion = 10.0.40219.1
Project("{FAE04EC0-301F-11D3-BF4B-00C04F79EFBC}") = "Assignment 26", "Assignment 26\Assignment 26.csproj", "{42EE33B5-88FD-4588-BEB1-99076F043FBB}"
EndProject
Global
	GlobalSection(SolutionConfigurationPlatforms) = preSolution
		Debug|Any CPU = Debug|Any CPU
		Release|Any CPU = Release|Any CPU
	EndGlobalSection
	GlobalSection(ProjectConfigurationPlatforms) = postSolution
		{42EE33B5-88FD-4588-BEB1-99076F043FBB}.Debug|Any CPU.ActiveCfg = Debug|Any CPU
		{42EE33B5-88FD-4588-BEB1-99076F043FBB}.Debug|Any CPU.Build.0 = Debug|Any CPU
		{42EE33B5-88FD-4588-BEB1-99076F043FBB}.Release|Any CPU.ActiveCfg = Release|Any CPU
		{42EE33B5-88FD-4588-BEB1-99076F043FBB}.Release|Any CPU.Build.0 = Release|Any CPU
	EndGlobalSection
	GlobalSection(SolutionProperties) = preSolution
		HideSolutionNode = FALSE
	EndGlobalSection
	GlobalSection(ExtensibilityGlobals) = postSolution
		SolutionGuid = {7797FDC6-BFB1-4849-9B22-E0BF40B798FB}
	EndGlobalSection
EndGlobal
